<?xml version="1.0" encoding="UTF-8"?>
<!DOCTYPE plist PUBLIC "-//Apple//DTD PLIST 1.0//EN" "http://www.apple.com/DTDs/PropertyList-1.0.dtd">
<plist version="1.0">
<dict>
	<key>archiveVersion</key>
	<string>1</string>
	<key>classes</key>
	<dict/>
	<key>objectVersion</key>
	<string>77</string>
	<key>objects</key>
	<dict>
		<key>AAAAAA009</key>
		<dict>
			<key>isa</key>
			<string>PBXBuildFile</string>
			<key>fileRef</key>
			<string>AAAAAA109</string>
		</dict>
		<key>AAAAAA007</key>
		<dict>
			<key>isa</key>
			<string>PBXBuildFile</string>
			<key>fileRef</key>
			<string>AAAAAA107</string>
		</dict>
		<key>AAAAAA008</key>
		<dict>
			<key>isa</key>
			<string>PBXBuildFile</string>
			<key>fileRef</key>
			<string>AAAAAA108</string>
		</dict>
		<key>AAAAAA001</key>
		<dict>
			<key>isa</key>
			<string>PBXBuildFile</string>
			<key>fileRef</key>
			<string>AAAAAA101</string>
		</dict>
		<key>AAAAAA002</key>
		<dict>
			<key>isa</key>
			<string>PBXBuildFile</string>
			<key>fileRef</key>
			<string>AAAAAA102</string>
		</dict>
		<key>AAAAAA003</key>
		<dict>
			<key>isa</key>
			<string>PBXBuildFile</string>
			<key>fileRef</key>
			<string>AAAAAA103</string>
		</dict>
		<key>AAAAAA004</key>
		<dict>
			<key>isa</key>
			<string>PBXBuildFile</string>
			<key>fileRef</key>
			<string>AAAAAA104</string>
		</dict>
		<key>AAAAAA005</key>
		<dict>
			<key>isa</key>
			<string>PBXBuildFile</string>
			<key>fileRef</key>
			<string>AAAAAA105</string>
		</dict>
		<key>AAAAAA006</key>
		<dict>
			<key>isa</key>
			<string>PBXBuildFile</string>
			<key>fileRef</key>
			<string>AAAAAA106</string>
		</dict>
		<key>AAAAAA107</key>
		<dict>
			<key>isa</key>
			<string>PBXFileReference</string>
			<key>lastKnownFileType</key>
			<string>sourcecode.swift</string>
			<key>path</key>
			<string>UpdateManager.swift</string>
			<key>sourceTree</key>
			<string>&lt;group&gt;</string>
		</dict>
		<key>AAAAAA108</key>
		<dict>
			<key>isa</key>
			<string>PBXFileReference</string>
			<key>lastKnownFileType</key>
			<string>sourcecode.swift</string>
			<key>path</key>
			<string>UpdateNotificationWindow.swift</string>
			<key>sourceTree</key>
			<string>&lt;group&gt;</string>
		</dict>
		<key>AAAAAA109</key>
		<dict>
			<key>isa</key>
			<string>PBXFileReference</string>
			<key>lastKnownFileType</key>
			<string>sourcecode.swift</string>
			<key>path</key>
			<string>DiagnosticsView.swift</string>
			<key>sourceTree</key>
			<string>&lt;group&gt;</string>
		</dict>
		<key>AAAAAA101</key>
		<dict>
			<key>isa</key>
			<string>PBXFileReference</string>
			<key>lastKnownFileType</key>
			<string>sourcecode.swift</string>
			<key>path</key>
			<string>ClaudeCheckerApp.swift</string>
			<key>sourceTree</key>
			<string>&lt;group&gt;</string>
		</dict>
		<key>AAAAAA102</key>
		<dict>
			<key>isa</key>
			<string>PBXFileReference</string>
			<key>lastKnownFileType</key>
			<string>sourcecode.swift</string>
			<key>path</key>
			<string>ContentView.swift</string>
			<key>sourceTree</key>
			<string>&lt;group&gt;</string>
		</dict>
		<key>AAAAAA103</key>
		<dict>
			<key>isa</key>
			<string>PBXFileReference</string>
			<key>lastKnownFileType</key>
			<string>sourcecode.swift</string>
			<key>path</key>
			<string>Models.swift</string>
			<key>sourceTree</key>
			<string>&lt;group&gt;</string>
		</dict>
		<key>AAAAAA104</key>
		<dict>
			<key>isa</key>
			<string>PBXFileReference</string>
			<key>lastKnownFileType</key>
			<string>sourcecode.swift</string>
			<key>path</key>
			<string>UsageViewModel.swift</string>
			<key>sourceTree</key>
			<string>&lt;group&gt;</string>
		</dict>
		<key>AAAAAA105</key>
		<dict>
			<key>isa</key>
			<string>PBXFileReference</string>
			<key>lastKnownFileType</key>
			<string>sourcecode.swift</string>
			<key>path</key>
			<string>LoginView.swift</string>
			<key>sourceTree</key>
			<string>&lt;group&gt;</string>
		</dict>
		<key>AAAAAA106</key>
		<dict>
			<key>isa</key>
			<string>PBXFileReference</string>
			<key>lastKnownFileType</key>
			<string>folder.assetcatalog</string>
			<key>path</key>
			<string>Assets.xcassets</string>
			<key>sourceTree</key>
			<string>&lt;group&gt;</string>
		</dict>
		<key>AAAAAA200</key>
		<dict>
			<key>isa</key>
			<string>PBXGroup</string>
			<key>children</key>
			<array>
				<string>AAAAAA300</string>
			</array>
			<key>sourceTree</key>
			<string>&lt;group&gt;</string>
		</dict>
		<key>AAAAAA300</key>
		<dict>
			<key>isa</key>
			<string>PBXGroup</string>
			<key>children</key>
			<array>
				<string>AAAAAA101</string>
				<string>AAAAAA102</string>
				<string>AAAAAA103</string>
				<string>AAAAAA104</string>
				<string>AAAAAA105</string>
				<string>AAAAAA106</string>
				<string>AAAAAA107</string>
				<string>AAAAAA108</string>
				<string>AAAAAA109</string>
			</array>
			<key>path</key>
			<string>ClaudeChecker</string>
			<key>sourceTree</key>
			<string>&lt;group&gt;</string>
		</dict>
		<key>AAAAAA400</key>
		<dict>
			<key>isa</key>
			<string>PBXNativeTarget</string>
			<key>buildConfigurationList</key>
			<string>AAAAAA500</string>
			<key>buildPhases</key>
			<array>
				<string>AAAAAA600</string>
				<string>AAAAAA650</string>
			</array>
			<key>buildRules</key>
			<array/>
			<key>dependencies</key>
			<array/>
			<key>name</key>
			<string>ClaudeChecker</string>
			<key>productName</key>
			<string>ClaudeChecker</string>
			<key>productType</key>
			<string>com.apple.product-type.application</string>
		</dict>
		<key>AAAAAA500</key>
		<dict>
			<key>isa</key>
			<string>XCConfigurationList</string>
			<key>buildConfigurations</key>
			<array>
				<string>AAAAAA501</string>
				<string>AAAAAA502</string>
			</array>
			<key>defaultConfigurationIsVisible</key>
			<string>0</string>
			<key>defaultConfigurationName</key>
			<string>Release</string>
		</dict>
		<key>AAAAAA501</key>
		<dict>
			<key>isa</key>
			<string>XCBuildConfiguration</string>
			<key>buildSettings</key>
			<dict>
				<key>SWIFT_VERSION</key>
				<string>5.9</string>
				<key>MACOSX_DEPLOYMENT_TARGET</key>
				<string>13.0</string>
				<key>PRODUCT_NAME</key>
				<string>ClaudeChecker</string>
				<key>PRODUCT_BUNDLE_IDENTIFIER</key>
				<string>com.claudechecker.app</string>
				<key>INFOPLIST_FILE</key>
				<string>ClaudeChecker/Info.plist</string>
				<key>ALWAYS_SEARCH_USER_PATHS</key>
				<string>NO</string>
				<key>USE_HEADERMAP</key>
				<string>NO</string>
				<key>SWIFT_EMIT_LOC_STRINGS</key>
				<string>YES</string>
				<key>ASSETCATALOG_COMPILER_APPICON_NAME</key>
				<string>AppIcon</string>
			</dict>
			<key>name</key>
			<string>Debug</string>
		</dict>
		<key>AAAAAA502</key>
		<dict>
			<key>isa</key>
			<string>XCBuildConfiguration</string>
			<key>buildSettings</key>
			<dict>
				<key>SWIFT_VERSION</key>
				<string>5.9</string>
				<key>MACOSX_DEPLOYMENT_TARGET</key>
				<string>13.0</string>
				<key>PRODUCT_NAME</key>
				<string>ClaudeChecker</string>
				<key>PRODUCT_BUNDLE_IDENTIFIER</key>
				<string>com.claudechecker.app</string>
				<key>INFOPLIST_FILE</key>
				<string>ClaudeChecker/Info.plist</string>
				<key>ALWAYS_SEARCH_USER_PATHS</key>
				<string>NO</string>
				<key>USE_HEADERMAP</key>
				<string>NO</string>
				<key>SWIFT_EMIT_LOC_STRINGS</key>
				<string>YES</string>
				<key>ASSETCATALOG_COMPILER_APPICON_NAME</key>
				<string>AppIcon</string>
			</dict>
			<key>name</key>
			<string>Release</string>
		</dict>
		<key>AAAAAA600</key>
		<dict>
			<key>isa</key>
			<string>PBXSourcesBuildPhase</string>
			<key>buildActionMask</key>
			<string>2147483647</string>
			<key>files</key>
			<array>
				<string>AAAAAA001</string>
				<string>AAAAAA002</string>
				<string>AAAAAA003</string>
				<string>AAAAAA004</string>
				<string>AAAAAA005</string>
				<string>AAAAAA007</string>
				<string>AAAAAA008</string>
				<string>AAAAAA009</string>
			</array>
			<key>runOnlyForDeploymentPostprocessing</key>
			<string>0</string>
		</dict>
		<key>AAAAAA650</key>
		<dict>
			<key>isa</key>
			<string>PBXResourcesBuildPhase</string>
			<key>buildActionMask</key>
			<string>2147483647</string>
			<key>files</key>
			<array>
				<string>AAAAAA006</string>
			</array>
			<key>runOnlyForDeploymentPostprocessing</key>
			<string>0</string>
		</dict>
		<key>AAAAAA700</key>
		<dict>
			<key>isa</key>
			<string>PBXProject</string>
			<key>buildConfigurationList</key>
			<string>AAAAAA800</string>
			<key>compatibilityVersion</key>
			<string>Xcode 15.0</string>
			<key>mainGroup</key>
			<string>AAAAAA200</string>
			<key>targets</key>
			<array>
				<string>AAAAAA400</string>
			</array>
		</dict>
		<key>AAAAAA800</key>
		<dict>
			<key>isa</key>
			<string>XCConfigurationList</string>
			<key>buildConfigurations</key>
			<array>
				<string>AAAAAA501</string>
				<string>AAAAAA502</string>
			</array>
			<key>defaultConfigurationIsVisible</key>
			<string>0</string>
			<key>defaultConfigurationName</key>
			<string>Release</string>
		</dict>
	</dict>
	<key>rootObject</key>
	<string>AAAAAA700</string>
</dict>
</plist>
